
Microsoft Visual Studio Solution File, Format Version 12.00
# Visual Studio 15
VisualStudioVersion = 15.0.27130.2036
MinimumVisualStudioVersion = 10.0.40219.1
Project("{FAE04EC0-301F-11D3-BF4B-00C04F79EFBC}") = "CDE-EnablementReport", "CDE-EnablementReport\CDE-EnablementReport.csproj", "{2A04E237-7016-489A-A525-7079CBEF7403}"
EndProject
Global
	GlobalSection(SolutionConfigurationPlatforms) = preSolution
		Debug|Any CPU = Debug|Any CPU
		Release|Any CPU = Release|Any CPU
	EndGlobalSection
	GlobalSection(ProjectConfigurationPlatforms) = postSolution
		{2A04E237-7016-489A-A525-7079CBEF7403}.Debug|Any CPU.ActiveCfg = Debug|Any CPU
		{2A04E237-7016-489A-A525-7079CBEF7403}.Debug|Any CPU.Build.0 = Debug|Any CPU
		{2A04E237-7016-489A-A525-7079CBEF7403}.Release|Any CPU.ActiveCfg = Release|Any CPU
		{2A04E237-7016-489A-A525-7079CBEF7403}.Release|Any CPU.Build.0 = Release|Any CPU
	EndGlobalSection
	GlobalSection(SolutionProperties) = preSolution
		HideSolutionNode = FALSE
	EndGlobalSection
	GlobalSection(ExtensibilityGlobals) = postSolution
		SolutionGuid = {9F504C35-F97E-4CCF-94E2-D44CEE8A7A52}
	EndGlobalSection
EndGlobal
